
Microsoft Visual Studio Solution File, Format Version 12.00
# Visual Studio Version 16
VisualStudioVersion = 16.0.31205.134
MinimumVisualStudioVersion = 10.0.40219.1
Project("{FAE04EC0-301F-11D3-BF4B-00C04F79EFBC}") = "FactoryPattern", "FactoryPattern\FactoryPattern.csproj", "{887BE71C-C3C5-419D-BE21-01DF820CC7B0}"
EndProject
Global
	GlobalSection(SolutionConfigurationPlatforms) = preSolution
		Debug|Any CPU = Debug|Any CPU
		Release|Any CPU = Release|Any CPU
	EndGlobalSection
	GlobalSection(ProjectConfigurationPlatforms) = postSolution
		{887BE71C-C3C5-419D-BE21-01DF820CC7B0}.Debug|Any CPU.ActiveCfg = Debug|Any CPU
		{887BE71C-C3C5-419D-BE21-01DF820CC7B0}.Debug|Any CPU.Build.0 = Debug|Any CPU
		{887BE71C-C3C5-419D-BE21-01DF820CC7B0}.Release|Any CPU.ActiveCfg = Release|Any CPU
		{887BE71C-C3C5-419D-BE21-01DF820CC7B0}.Release|Any CPU.Build.0 = Release|Any CPU
	EndGlobalSection
	GlobalSection(SolutionProperties) = preSolution
		HideSolutionNode = FALSE
	EndGlobalSection
	GlobalSection(ExtensibilityGlobals) = postSolution
		SolutionGuid = {023B9637-8606-458D-9C81-E06AF84C36E3}
	EndGlobalSection
EndGlobal
